
Microsoft Visual Studio Solution File, Format Version 12.00
# Visual Studio Version 17
VisualStudioVersion = 17.4.33103.184
MinimumVisualStudioVersion = 10.0.40219.1
Project("{FAE04EC0-301F-11D3-BF4B-00C04F79EFBC}") = "AprilCraft.Web.Static", "AprilCraft.Web.Static\AprilCraft.Web.Static.csproj", "{9F0892C3-368A-4804-AE65-2E9C12F56223}"
EndProject
Project("{FAE04EC0-301F-11D3-BF4B-00C04F79EFBC}") = "AprilCraft.Web", "AprilCraft.Web\AprilCraft.Web.csproj", "{F43498A6-C648-4D57-A54B-78B8B6BD0A01}"
EndProject
Global
	GlobalSection(SolutionConfigurationPlatforms) = preSolution
		Debug|Any CPU = Debug|Any CPU
		Debug|x64 = Debug|x64
		Debug|x86 = Debug|x86
		Release|Any CPU = Release|Any CPU
		Release|x64 = Release|x64
		Release|x86 = Release|x86
	EndGlobalSection
	GlobalSection(ProjectConfigurationPlatforms) = postSolution
		{9F0892C3-368A-4804-AE65-2E9C12F56223}.Debug|Any CPU.ActiveCfg = Debug|Any CPU
		{9F0892C3-368A-4804-AE65-2E9C12F56223}.Debug|Any CPU.Build.0 = Debug|Any CPU
		{9F0892C3-368A-4804-AE65-2E9C12F56223}.Debug|x64.ActiveCfg = Debug|Any CPU
		{9F0892C3-368A-4804-AE65-2E9C12F56223}.Debug|x64.Build.0 = Debug|Any CPU
		{9F0892C3-368A-4804-AE65-2E9C12F56223}.Debug|x86.ActiveCfg = Debug|Any CPU
		{9F0892C3-368A-4804-AE65-2E9C12F56223}.Debug|x86.Build.0 = Debug|Any CPU
		{9F0892C3-368A-4804-AE65-2E9C12F56223}.Release|Any CPU.ActiveCfg = Release|Any CPU
		{9F0892C3-368A-4804-AE65-2E9C12F56223}.Release|Any CPU.Build.0 = Release|Any CPU
		{9F0892C3-368A-4804-AE65-2E9C12F56223}.Release|x64.ActiveCfg = Release|Any CPU
		{9F0892C3-368A-4804-AE65-2E9C12F56223}.Release|x64.Build.0 = Release|Any CPU
		{9F0892C3-368A-4804-AE65-2E9C12F56223}.Release|x86.ActiveCfg = Release|Any CPU
		{9F0892C3-368A-4804-AE65-2E9C12F56223}.Release|x86.Build.0 = Release|Any CPU
		{F43498A6-C648-4D57-A54B-78B8B6BD0A01}.Debug|Any CPU.ActiveCfg = Debug|Any CPU
		{F43498A6-C648-4D57-A54B-78B8B6BD0A01}.Debug|Any CPU.Build.0 = Debug|Any CPU
		{F43498A6-C648-4D57-A54B-78B8B6BD0A01}.Debug|x64.ActiveCfg = Debug|Any CPU
		{F43498A6-C648-4D57-A54B-78B8B6BD0A01}.Debug|x64.Build.0 = Debug|Any CPU
		{F43498A6-C648-4D57-A54B-78B8B6BD0A01}.Debug|x86.ActiveCfg = Debug|Any CPU
		{F43498A6-C648-4D57-A54B-78B8B6BD0A01}.Debug|x86.Build.0 = Debug|Any CPU
		{F43498A6-C648-4D57-A54B-78B8B6BD0A01}.Release|Any CPU.ActiveCfg = Release|Any CPU
		{F43498A6-C648-4D57-A54B-78B8B6BD0A01}.Release|Any CPU.Build.0 = Release|Any CPU
		{F43498A6-C648-4D57-A54B-78B8B6BD0A01}.Release|x64.ActiveCfg = Release|Any CPU
		{F43498A6-C648-4D57-A54B-78B8B6BD0A01}.Release|x64.Build.0 = Release|Any CPU
		{F43498A6-C648-4D57-A54B-78B8B6BD0A01}.Release|x86.ActiveCfg = Release|Any CPU
		{F43498A6-C648-4D57-A54B-78B8B6BD0A01}.Release|x86.Build.0 = Release|Any CPU
	EndGlobalSection
	GlobalSection(SolutionProperties) = preSolution
		HideSolutionNode = FALSE
	EndGlobalSection
	GlobalSection(ExtensibilityGlobals) = postSolution
		SolutionGuid = {089B3DEB-AFD7-4E1E-B89F-25DA5EDA7504}
	EndGlobalSection
EndGlobal
